{
  "name": "PLANTalytics",
  "lockfileVersion": 3,
  "requires": true,
  "packages": {
    "": {
      "dependencies": {
        "powerbi-client": "^2.23.1"
      }
    },
    "node_modules/http-post-message": {
      "version": "0.2.3",
      "resolved": "https://registry.npmjs.org/http-post-message/-/http-post-message-0.2.3.tgz",
      "integrity": "sha512-76heerrzYhvWptJfWxUarHw2O3fkMqF48bbq/S6XFWHUc34o8tkySBwtReXuAKJAECZWVu8U0TYLckFcwtSdrg==",
      "dependencies": {
        "es6-promise": "^3.2.1"
      }
    },
    "node_modules/http-post-message/node_modules/es6-promise": {
      "version": "3.3.1",
      "resolved": "https://registry.npmjs.org/es6-promise/-/es6-promise-3.3.1.tgz",
      "integrity": "sha512-SOp9Phqvqn7jtEUxPWdWfWoLmyt2VaJ6MpvP9Comy1MceMXqE6bxvaTu4iaxpYYPzhny28Lc+M87/c2cPK6lDg=="
    },
    "node_modules/powerbi-client": {
      "version": "2.23.1",
      "resolved": "https://registry.npmjs.org/powerbi-client/-/powerbi-client-2.23.1.tgz",
      "integrity": "sha512-r04gDDq8YkrkZjSwOw4UBgzPwudXnA+x8B9ekVE7XDlhTDC7tujbcT15Z+iLDrx+49Bj4qVez0PgjA9CgEFpGw==",
      "dependencies": {
        "http-post-message": "^0.2",
        "powerbi-models": "^1.14.0",
        "powerbi-router": "^0.1",
        "window-post-message-proxy": "^0.2.7"
      }
    },
    "node_modules/powerbi-models": {
      "version": "1.15.2",
      "resolved": "https://registry.npmjs.org/powerbi-models/-/powerbi-models-1.15.2.tgz",
      "integrity": "sha512-UcBLtBB2wa8pL412DxyVZvv/bKiUVJfLTCXAuGmIqnOkoA/EnYDUM3B8oS2piN1azyEN8pjN353rE9DeARCJtA=="
    },
    "node_modules/powerbi-router": {
      "version": "0.1.5",
      "resolved": "https://registry.npmjs.org/powerbi-router/-/powerbi-router-0.1.5.tgz",
      "integrity": "sha512-DFJCKxwh/DqMZXtHSo6xZl87mbRviZGn4P7Oi2rT0L4HMI4AjnWIrwg0JCSM7ymBzYnNe5UmrsCaf2Upur5RQA==",
      "dependencies": {
        "es6-promise": "^3.2.1",
        "route-recognizer": "^0.1.11"
      }
    },
    "node_modules/powerbi-router/node_modules/es6-promise": {
      "version": "3.3.1",
      "resolved": "https://registry.npmjs.org/es6-promise/-/es6-promise-3.3.1.tgz",
      "integrity": "sha512-SOp9Phqvqn7jtEUxPWdWfWoLmyt2VaJ6MpvP9Comy1MceMXqE6bxvaTu4iaxpYYPzhny28Lc+M87/c2cPK6lDg=="
    },
    "node_modules/powerbi-router/node_modules/route-recognizer": {
      "version": "0.1.11",
      "resolved": "https://registry.npmjs.org/route-recognizer/-/route-recognizer-0.1.11.tgz",
      "integrity": "sha512-7JNu5mXQVa39zxmUKyk/bfpeF2WyEC5JKVTJO5HATcoUQpcQsI3eLzhwGU69xeOagQxfOQ+yr2sSv0G8xy+vQA=="
    },
    "node_modules/window-post-message-proxy": {
      "version": "0.2.9",
      "resolved": "https://registry.npmjs.org/window-post-message-proxy/-/window-post-message-proxy-0.2.9.tgz",
      "integrity": "sha512-hHmF5dvY27wy4EKN9c5qukPtzlbrdUzkMiCHud4gYKXCFAiGOBhCfi/dVBvwbUf0qrEGwFNnqkvk6DE54sdlcw==",
      "dependencies": {
        "es6-promise": "^3.1.2"
      }
    },
    "node_modules/window-post-message-proxy/node_modules/es6-promise": {
      "version": "3.3.1",
      "resolved": "https://registry.npmjs.org/es6-promise/-/es6-promise-3.3.1.tgz",
      "integrity": "sha512-SOp9Phqvqn7jtEUxPWdWfWoLmyt2VaJ6MpvP9Comy1MceMXqE6bxvaTu4iaxpYYPzhny28Lc+M87/c2cPK6lDg=="
    }
  }
}
